<?xml version="1.0" encoding="UTF-8"?>

<Project ToolsVersion="15.0" xmlns="http://schemas.microsoft.com/developer/msbuild/2003">
  <ItemGroup>
    <Filter Include="openglWithJuce\Utility">
      <UniqueIdentifier>{8561C894-C299-74DE-AAA3-F6B8374CD895}</UniqueIdentifier>
    </Filter>
    <Filter Include="openglWithJuce\Shader">
      <UniqueIdentifier>{5A915126-A968-D910-5404-8AEFA812C1CF}</UniqueIdentifier>
    </Filter>
    <Filter Include="openglWithJuce\Engine\ModelLoader">
      <UniqueIdentifier>{9AFF954E-8F95-9DBC-36DE-B544E2B76A04}</UniqueIdentifier>
    </Filter>
    <Filter Include="openglWithJuce\Engine">
      <UniqueIdentifier>{661CF54D-A66D-B033-A642-4A66CFBF6585}</UniqueIdentifier>
    </Filter>
    <Filter Include="openglWithJuce\Tutorial">
      <UniqueIdentifier>{789BC0D0-410A-05AA-5E24-A58A2BF46BE5}</UniqueIdentifier>
    </Filter>
    <Filter Include="openglWithJuce\Source">
      <UniqueIdentifier>{B6F1A4AA-A71C-894A-CFCE-D13898F6A18F}</UniqueIdentifier>
    </Filter>
    <Filter Include="openglWithJuce">
      <UniqueIdentifier>{ABAFD438-6234-06EF-E85C-414A30FB56C3}</UniqueIdentifier>
    </Filter>
    <Filter Include="JUCE Library Code">
      <UniqueIdentifier>{7ED5A90E-41AF-A1EF-659B-37CEEAB9BA61}</UniqueIdentifier>
    </Filter>
  </ItemGroup>
  <ItemGroup>
    <ClCompile Include="..\..\Source\OpenGLTextureEx.cpp">
      <Filter>openglWithJuce\Utility</Filter>
    </ClCompile>
    <ClCompile Include="..\..\Source\ValueTreeView.cpp">
      <Filter>openglWithJuce\Utility</Filter>
    </ClCompile>
    <ClCompile Include="..\..\Source\Tutorial16.cpp">
      <Filter>openglWithJuce\Tutorial</Filter>
    </ClCompile>
    <ClCompile Include="..\..\Source\Tutorial17.cpp">
      <Filter>openglWithJuce\Tutorial</Filter>
    </ClCompile>
    <ClCompile Include="..\..\Source\Tutorial18.cpp">
      <Filter>openglWithJuce\Tutorial</Filter>
    </ClCompile>
    <ClCompile Include="..\..\Source\Tutorial19.cpp">
      <Filter>openglWithJuce\Tutorial</Filter>
    </ClCompile>
    <ClCompile Include="..\..\Source\Tutorial20.cpp">
      <Filter>openglWithJuce\Tutorial</Filter>
    </ClCompile>
    <ClCompile Include="..\..\Source\Tutorial21.cpp">
      <Filter>openglWithJuce\Tutorial</Filter>
    </ClCompile>
    <ClCompile Include="..\..\Source\Tutorial22.cpp">
      <Filter>openglWithJuce\Tutorial</Filter>
    </ClCompile>
    <ClCompile Include="..\..\Source\Tutorial23.cpp">
      <Filter>openglWithJuce\Tutorial</Filter>
    </ClCompile>
    <ClCompile Include="..\..\Source\Tutorial24.cpp">
      <Filter>openglWithJuce\Tutorial</Filter>
    </ClCompile>
    <ClCompile Include="..\..\Source\MainComponent.cpp">
      <Filter>openglWithJuce\Source</Filter>
    </ClCompile>
    <ClCompile Include="..\..\Source\Main.cpp">
      <Filter>openglWithJuce\Source</Filter>
    </ClCompile>
    <ClCompile Include="..\..\JuceLibraryCode\BinaryData.cpp">
      <Filter>JUCE Library Code</Filter>
    </ClCompile>
    <ClCompile Include="..\..\JuceLibraryCode\include_juce_audio_basics.cpp">
      <Filter>JUCE Library Code</Filter>
    </ClCompile>
    <ClCompile Include="..\..\JuceLibraryCode\include_juce_audio_devices.cpp">
      <Filter>JUCE Library Code</Filter>
    </ClCompile>
    <ClCompile Include="..\..\JuceLibraryCode\include_juce_audio_formats.cpp">
      <Filter>JUCE Library Code</Filter>
    </ClCompile>
    <ClCompile Include="..\..\JuceLibraryCode\include_juce_audio_processors.cpp">
      <Filter>JUCE Library Code</Filter>
    </ClCompile>
    <ClCompile Include="..\..\JuceLibraryCode\include_juce_core.cpp">
      <Filter>JUCE Library Code</Filter>
    </ClCompile>
    <ClCompile Include="..\..\JuceLibraryCode\include_juce_cryptography.cpp">
      <Filter>JUCE Library Code</Filter>
    </ClCompile>
    <ClCompile Include="..\..\JuceLibraryCode\include_juce_data_structures.cpp">
      <Filter>JUCE Library Code</Filter>
    </ClCompile>
    <ClCompile Include="..\..\JuceLibraryCode\include_juce_events.cpp">
      <Filter>JUCE Library Code</Filter>
    </ClCompile>
    <ClCompile Include="..\..\JuceLibraryCode\include_juce_graphics.cpp">
      <Filter>JUCE Library Code</Filter>
    </ClCompile>
    <ClCompile Include="..\..\JuceLibraryCode\include_juce_gui_basics.cpp">
      <Filter>JUCE Library Code</Filter>
    </ClCompile>
    <ClCompile Include="..\..\JuceLibraryCode\include_juce_gui_extra.cpp">
      <Filter>JUCE Library Code</Filter>
    </ClCompile>
    <ClCompile Include="..\..\JuceLibraryCode\include_juce_opengl.cpp">
      <Filter>JUCE Library Code</Filter>
    </ClCompile>
  </ItemGroup>
  <ItemGroup>
    <ClInclude Include="..\..\Source\OpenGLTextureEx.h">
      <Filter>openglWithJuce\Utility</Filter>
    </ClInclude>
    <ClInclude Include="..\..\Source\ValueTreeView.h">
      <Filter>openglWithJuce\Utility</Filter>
    </ClInclude>
    <ClInclude Include="..\..\Source\Shader\T24AstoridFragment.h">
      <Filter>openglWithJuce\Shader</Filter>
    </ClInclude>
    <ClInclude Include="..\..\Source\Shader\T24AstoridVertex.h">
      <Filter>openglWithJuce\Shader</Filter>
    </ClInclude>
    <ClInclude Include="..\..\Source\Shader\T24PlanetFragment.h">
      <Filter>openglWithJuce\Shader</Filter>
    </ClInclude>
    <ClInclude Include="..\..\Source\Shader\T24PlanetVertex.h">
      <Filter>openglWithJuce\Shader</Filter>
    </ClInclude>
    <ClInclude Include="..\..\Source\Shader\T23InstancingFragment.h">
      <Filter>openglWithJuce\Shader</Filter>
    </ClInclude>
    <ClInclude Include="..\..\Source\Shader\T23InstancingVertex.h">
      <Filter>openglWithJuce\Shader</Filter>
    </ClInclude>
    <ClInclude Include="..\..\Source\Shader\T22NormalFragment.h">
      <Filter>openglWithJuce\Shader</Filter>
    </ClInclude>
    <ClInclude Include="..\..\Source\Shader\T22NormalGeometry.h">
      <Filter>openglWithJuce\Shader</Filter>
    </ClInclude>
    <ClInclude Include="..\..\Source\Shader\T22NormalVertex.h">
      <Filter>openglWithJuce\Shader</Filter>
    </ClInclude>
    <ClInclude Include="..\..\Source\Shader\T22Vertex.h">
      <Filter>openglWithJuce\Shader</Filter>
    </ClInclude>
    <ClInclude Include="..\..\Source\Shader\T22Fragment.h">
      <Filter>openglWithJuce\Shader</Filter>
    </ClInclude>
    <ClInclude Include="..\..\Source\Shader\T21Fragment.h">
      <Filter>openglWithJuce\Shader</Filter>
    </ClInclude>
    <ClInclude Include="..\..\Source\Shader\T21Geometry.h">
      <Filter>openglWithJuce\Shader</Filter>
    </ClInclude>
    <ClInclude Include="..\..\Source\Shader\T21Vertex.h">
      <Filter>openglWithJuce\Shader</Filter>
    </ClInclude>
    <ClInclude Include="..\..\Source\Shader\T20Fragment.h">
      <Filter>openglWithJuce\Shader</Filter>
    </ClInclude>
    <ClInclude Include="..\..\Source\Shader\T20Geometry.h">
      <Filter>openglWithJuce\Shader</Filter>
    </ClInclude>
    <ClInclude Include="..\..\Source\Shader\T20Vertex.h">
      <Filter>openglWithJuce\Shader</Filter>
    </ClInclude>
    <ClInclude Include="..\..\Source\Shader\T19CubeFragment.h">
      <Filter>openglWithJuce\Shader</Filter>
    </ClInclude>
    <ClInclude Include="..\..\Source\Shader\T19CubeVertex.h">
      <Filter>openglWithJuce\Shader</Filter>
    </ClInclude>
    <ClInclude Include="..\..\Source\Shader\T19SkyboxFragment.h">
      <Filter>openglWithJuce\Shader</Filter>
    </ClInclude>
    <ClInclude Include="..\..\Source\Shader\T19SkyboxVertex.h">
      <Filter>openglWithJuce\Shader</Filter>
    </ClInclude>
    <ClInclude Include="..\..\Source\Shader\T18PlaneAndBoxFragment.h">
      <Filter>openglWithJuce\Shader</Filter>
    </ClInclude>
    <ClInclude Include="..\..\Source\Shader\T18PlaneAndBoxVertex.h">
      <Filter>openglWithJuce\Shader</Filter>
    </ClInclude>
    <ClInclude Include="..\..\Source\Shader\T18ScreenFragment.h">
      <Filter>openglWithJuce\Shader</Filter>
    </ClInclude>
    <ClInclude Include="..\..\Source\Shader\T18ScreenVertex.h">
      <Filter>openglWithJuce\Shader</Filter>
    </ClInclude>
    <ClInclude Include="..\..\Source\Shader\fragmentT1.h">
      <Filter>openglWithJuce\Shader</Filter>
    </ClInclude>
    <ClInclude Include="..\..\Source\Shader\fragmentT2.h">
      <Filter>openglWithJuce\Shader</Filter>
    </ClInclude>
    <ClInclude Include="..\..\Source\Shader\fragmentT3.h">
      <Filter>openglWithJuce\Shader</Filter>
    </ClInclude>
    <ClInclude Include="..\..\Source\Shader\fragmentT4.h">
      <Filter>openglWithJuce\Shader</Filter>
    </ClInclude>
    <ClInclude Include="..\..\Source\Shader\fragmentT5.h">
      <Filter>openglWithJuce\Shader</Filter>
    </ClInclude>
    <ClInclude Include="..\..\Source\Shader\fragmentT6.h">
      <Filter>openglWithJuce\Shader</Filter>
    </ClInclude>
    <ClInclude Include="..\..\Source\Shader\T7ColorsFragment.h">
      <Filter>openglWithJuce\Shader</Filter>
    </ClInclude>
    <ClInclude Include="..\..\Source\Shader\T7ColorsVertex.h">
      <Filter>openglWithJuce\Shader</Filter>
    </ClInclude>
    <ClInclude Include="..\..\Source\Shader\T7LampFragment .h">
      <Filter>openglWithJuce\Shader</Filter>
    </ClInclude>
    <ClInclude Include="..\..\Source\Shader\T7LampVertex.h">
      <Filter>openglWithJuce\Shader</Filter>
    </ClInclude>
    <ClInclude Include="..\..\Source\Shader\T8ColorsFragment.h">
      <Filter>openglWithJuce\Shader</Filter>
    </ClInclude>
    <ClInclude Include="..\..\Source\Shader\T8ColorsVertex.h">
      <Filter>openglWithJuce\Shader</Filter>
    </ClInclude>
    <ClInclude Include="..\..\Source\Shader\T8LampFragment.h">
      <Filter>openglWithJuce\Shader</Filter>
    </ClInclude>
    <ClInclude Include="..\..\Source\Shader\T8LampVertex.h">
      <Filter>openglWithJuce\Shader</Filter>
    </ClInclude>
    <ClInclude Include="..\..\Source\Shader\T9ColorsFragment.h">
      <Filter>openglWithJuce\Shader</Filter>
    </ClInclude>
    <ClInclude Include="..\..\Source\Shader\T9ColorsVertex.h">
      <Filter>openglWithJuce\Shader</Filter>
    </ClInclude>
    <ClInclude Include="..\..\Source\Shader\T9LampFragment.h">
      <Filter>openglWithJuce\Shader</Filter>
    </ClInclude>
    <ClInclude Include="..\..\Source\Shader\T9LampVertex.h">
      <Filter>openglWithJuce\Shader</Filter>
    </ClInclude>
    <ClInclude Include="..\..\Source\Shader\T10ColorsFragment.h">
      <Filter>openglWithJuce\Shader</Filter>
    </ClInclude>
    <ClInclude Include="..\..\Source\Shader\T10ColorsVertex.h">
      <Filter>openglWithJuce\Shader</Filter>
    </ClInclude>
    <ClInclude Include="..\..\Source\Shader\T10LampFragment.h">
      <Filter>openglWithJuce\Shader</Filter>
    </ClInclude>
    <ClInclude Include="..\..\Source\Shader\T10LampVertex.h">
      <Filter>openglWithJuce\Shader</Filter>
    </ClInclude>
    <ClInclude Include="..\..\Source\Shader\T11ColorsFragment.h">
      <Filter>openglWithJuce\Shader</Filter>
    </ClInclude>
    <ClInclude Include="..\..\Source\Shader\T11ColorsVertex.h">
      <Filter>openglWithJuce\Shader</Filter>
    </ClInclude>
    <ClInclude Include="..\..\Source\Shader\T11LampFragment.h">
      <Filter>openglWithJuce\Shader</Filter>
    </ClInclude>
    <ClInclude Include="..\..\Source\Shader\T11LampVertex.h">
      <Filter>openglWithJuce\Shader</Filter>
    </ClInclude>
    <ClInclude Include="..\..\Source\Shader\T12ColorsFragment.h">
      <Filter>openglWithJuce\Shader</Filter>
    </ClInclude>
    <ClInclude Include="..\..\Source\Shader\T12ColorsVertex.h">
      <Filter>openglWithJuce\Shader</Filter>
    </ClInclude>
    <ClInclude Include="..\..\Source\Shader\T12LampFragment.h">
      <Filter>openglWithJuce\Shader</Filter>
    </ClInclude>
    <ClInclude Include="..\..\Source\Shader\T12LampVertex.h">
      <Filter>openglWithJuce\Shader</Filter>
    </ClInclude>
    <ClInclude Include="..\..\Source\Shader\T13ColorsFragment.h">
      <Filter>openglWithJuce\Shader</Filter>
    </ClInclude>
    <ClInclude Include="..\..\Source\Shader\T13ColorsVertex.h">
      <Filter>openglWithJuce\Shader</Filter>
    </ClInclude>
    <ClInclude Include="..\..\Source\Shader\T13LampFragment.h">
      <Filter>openglWithJuce\Shader</Filter>
    </ClInclude>
    <ClInclude Include="..\..\Source\Shader\T13LampVertex.h">
      <Filter>openglWithJuce\Shader</Filter>
    </ClInclude>
    <ClInclude Include="..\..\Source\Shader\T14ColorsFragment.h">
      <Filter>openglWithJuce\Shader</Filter>
    </ClInclude>
    <ClInclude Include="..\..\Source\Shader\T14ColorsVertex.h">
      <Filter>openglWithJuce\Shader</Filter>
    </ClInclude>
    <ClInclude Include="..\..\Source\Shader\T14LampFragment.h">
      <Filter>openglWithJuce\Shader</Filter>
    </ClInclude>
    <ClInclude Include="..\..\Source\Shader\T14LampVertex.h">
      <Filter>openglWithJuce\Shader</Filter>
    </ClInclude>
    <ClInclude Include="..\..\Source\Shader\T15ModelFragment.h">
      <Filter>openglWithJuce\Shader</Filter>
    </ClInclude>
    <ClInclude Include="..\..\Source\Shader\T15ModelVertex.h">
      <Filter>openglWithJuce\Shader</Filter>
    </ClInclude>
    <ClInclude Include="..\..\Source\Shader\T16StencilSingleColorFragment.h">
      <Filter>openglWithJuce\Shader</Filter>
    </ClInclude>
    <ClInclude Include="..\..\Source\Shader\T16StencilSingleColorVertex.h">
      <Filter>openglWithJuce\Shader</Filter>
    </ClInclude>
    <ClInclude Include="..\..\Source\Shader\T16StencilTextureFragment.h">
      <Filter>openglWithJuce\Shader</Filter>
    </ClInclude>
    <ClInclude Include="..\..\Source\Shader\T16StencilTextureVertex.h">
      <Filter>openglWithJuce\Shader</Filter>
    </ClInclude>
    <ClInclude Include="..\..\Source\Shader\T17TextureFragment.h">
      <Filter>openglWithJuce\Shader</Filter>
    </ClInclude>
    <ClInclude Include="..\..\Source\Shader\T17TextureVertex.h">
      <Filter>openglWithJuce\Shader</Filter>
    </ClInclude>
    <ClInclude Include="..\..\Source\Shader\vertexT1.h">
      <Filter>openglWithJuce\Shader</Filter>
    </ClInclude>
    <ClInclude Include="..\..\Source\Shader\vertexT2.h">
      <Filter>openglWithJuce\Shader</Filter>
    </ClInclude>
    <ClInclude Include="..\..\Source\Shader\vertexT3.h">
      <Filter>openglWithJuce\Shader</Filter>
    </ClInclude>
    <ClInclude Include="..\..\Source\Shader\vertexT4.h">
      <Filter>openglWithJuce\Shader</Filter>
    </ClInclude>
    <ClInclude Include="..\..\Source\Shader\vertexT5.h">
      <Filter>openglWithJuce\Shader</Filter>
    </ClInclude>
    <ClInclude Include="..\..\Source\Shader\vertexT6.h">
      <Filter>openglWithJuce\Shader</Filter>
    </ClInclude>
    <ClInclude Include="..\..\Source\Mesh.h">
      <Filter>openglWithJuce\Engine\ModelLoader</Filter>
    </ClInclude>
    <ClInclude Include="..\..\Source\Model.h">
      <Filter>openglWithJuce\Engine\ModelLoader</Filter>
    </ClInclude>
    <ClInclude Include="..\..\Source\Camera.h">
      <Filter>openglWithJuce\Engine</Filter>
    </ClInclude>
    <ClInclude Include="..\..\Source\ShaderProgram.h">
      <Filter>openglWithJuce\Engine</Filter>
    </ClInclude>
    <ClInclude Include="..\..\Source\SpriteBase.h">
      <Filter>openglWithJuce\Engine</Filter>
    </ClInclude>
    <ClInclude Include="..\..\Source\TextureCache.h">
      <Filter>openglWithJuce\Engine</Filter>
    </ClInclude>
    <ClInclude Include="..\..\Source\Tutorial1.h">
      <Filter>openglWithJuce\Tutorial</Filter>
    </ClInclude>
    <ClInclude Include="..\..\Source\Tutorial2.h">
      <Filter>openglWithJuce\Tutorial</Filter>
    </ClInclude>
    <ClInclude Include="..\..\Source\Tutorial3.h">
      <Filter>openglWithJuce\Tutorial</Filter>
    </ClInclude>
    <ClInclude Include="..\..\Source\Tutorial4.h">
      <Filter>openglWithJuce\Tutorial</Filter>
    </ClInclude>
    <ClInclude Include="..\..\Source\Tutorial5.h">
      <Filter>openglWithJuce\Tutorial</Filter>
    </ClInclude>
    <ClInclude Include="..\..\Source\Tutorial6.h">
      <Filter>openglWithJuce\Tutorial</Filter>
    </ClInclude>
    <ClInclude Include="..\..\Source\Tutorial7.h">
      <Filter>openglWithJuce\Tutorial</Filter>
    </ClInclude>
    <ClInclude Include="..\..\Source\Tutorial8.h">
      <Filter>openglWithJuce\Tutorial</Filter>
    </ClInclude>
    <ClInclude Include="..\..\Source\Tutorial9.h">
      <Filter>openglWithJuce\Tutorial</Filter>
    </ClInclude>
    <ClInclude Include="..\..\Source\Tutorial10.h">
      <Filter>openglWithJuce\Tutorial</Filter>
    </ClInclude>
    <ClInclude Include="..\..\Source\Tutorial11.h">
      <Filter>openglWithJuce\Tutorial</Filter>
    </ClInclude>
    <ClInclude Include="..\..\Source\Tutorial12.h">
      <Filter>openglWithJuce\Tutorial</Filter>
    </ClInclude>
    <ClInclude Include="..\..\Source\Tutorial13.h">
      <Filter>openglWithJuce\Tutorial</Filter>
    </ClInclude>
    <ClInclude Include="..\..\Source\Tutorial14.h">
      <Filter>openglWithJuce\Tutorial</Filter>
    </ClInclude>
    <ClInclude Include="..\..\Source\Tutorial15.h">
      <Filter>openglWithJuce\Tutorial</Filter>
    </ClInclude>
    <ClInclude Include="..\..\Source\CompList.h">
      <Filter>openglWithJuce\Source</Filter>
    </ClInclude>
    <ClInclude Include="..\..\Source\MainComponent.h">
      <Filter>openglWithJuce\Source</Filter>
    </ClInclude>
    <ClInclude Include="..\..\JuceLibraryCode\AppConfig.h">
      <Filter>JUCE Library Code</Filter>
    </ClInclude>
    <ClInclude Include="..\..\JuceLibraryCode\BinaryData.h">
      <Filter>JUCE Library Code</Filter>
    </ClInclude>
    <ClInclude Include="..\..\JuceLibraryCode\JuceHeader.h">
      <Filter>JUCE Library Code</Filter>
    </ClInclude>
  </ItemGroup>
  <ItemGroup>
    <None Include="..\..\README.md">
      <Filter>openglWithJuce</Filter>
    </None>
  </ItemGroup>
  <ItemGroup>
    <ResourceCompile Include=".\resources.rc">
      <Filter>JUCE Library Code</Filter>
    </ResourceCompile>
  </ItemGroup>
</Project>
