// !$*UTF8*$!
{
	archiveVersion = 1;
	classes = {
	};
	objectVersion = 46;
	objects = {
		2F5F8C5931814AB8B7187CA5 = {
			isa = PBXBuildFile;
			fileRef = 6CC35DD479EB051C6EDC69E5;
		};
		4906494B2C097105A34D78BF = {
			isa = PBXBuildFile;
			fileRef = 2A63FCD297B2002E3C37137B;
		};
		4E1DE640B577F07414C18B05 = {
			isa = PBXBuildFile;
			fileRef = 15ED5A0BE70E869B988B9462;
		};
		7C49C135AB781C35F365807E = {
			isa = PBXBuildFile;
			fileRef = 293247D8D44FD1FD12913358;
		};
		6848A20762C9A17E3810D091 = {
			isa = PBXBuildFile;
			fileRef = 01E0B7838A976928BF847052;
		};
		BDC5111325F3E7BA2D30A4B5 = {
			isa = PBXBuildFile;
			fileRef = A0FF09333438353B0466E80D;
		};
		204D5D8BB81742FAEE44DB44 = {
			isa = PBXBuildFile;
			fileRef = 9F9EC6B35995C56D076D8332;
		};
		0194110512DBF2B8EC895620 = {
			isa = PBXBuildFile;
			fileRef = EEF7A01BE85FB311D5405182;
		};
		1263F8D13B32903CC8248AF2 = {
			isa = PBXBuildFile;
			fileRef = 05DA703710746D2F6D2C3C41;
		};
		3EAF79A895694D72FBF37556 = {
			isa = PBXBuildFile;
			fileRef = 01B0A94773C0E058FBFE5AB3;
		};
		FC67782831503831B44F78AF = {
			isa = PBXBuildFile;
			fileRef = EC5F50EE357C66451E657C5F;
		};
		C6D6D0E2DAD7D49B35A8F20E = {
			isa = PBXBuildFile;
			fileRef = 20F81EFD5B1C783258F175FE;
		};
		37D54CDC52CBEAD46E63D710 = {
			isa = PBXBuildFile;
			fileRef = A65020481B2650E5D2EBB5C5;
		};
		AA20A161FE19C670486E9653 = {
			isa = PBXBuildFile;
			fileRef = 72381FB64487E1DB72E64BAB;
		};
		7BC5C96888E0320D23CA9F5A = {
			isa = PBXBuildFile;
			fileRef = CBE272D00522BD1CBB781987;
		};
		D473426BFE34164F2B044D35 = {
			isa = PBXBuildFile;
			fileRef = 5BE738FD704228F87F29460C;
		};
		5EBDC89CCC422FBA06BADF81 = {
			isa = PBXBuildFile;
			fileRef = 8336ED87CF193C99A8448AEC;
		};
		C3CAFD70A64E16076BF8DBF0 = {
			isa = PBXBuildFile;
			fileRef = 6102C4B41A5C2560C35FC809;
		};
		4C70CB579831EF403E5BAC24 = {
			isa = PBXBuildFile;
			fileRef = F39084825F1348048A415D7E;
		};
		B8EA04916E013C15ED17A1E8 = {
			isa = PBXBuildFile;
			fileRef = CA5B2386E6B6591E414251DF;
		};
		8BFA8EC30D886191E64A0A77 = {
			isa = PBXBuildFile;
			fileRef = 139CD54986567409B87ED944;
		};
		989B62A85BD5615B63C97C17 = {
			isa = PBXBuildFile;
			fileRef = D1CD9BB8E01E7A8EB385E30C;
		};
		78D8BFF5DB49A83B507405D4 = {
			isa = PBXBuildFile;
			fileRef = F35CC20EF5D5564607F33B82;
		};
		BAAE5D9538C48FAB035C811A = {
			isa = PBXBuildFile;
			fileRef = 0213F8E4A21661C717A849F3;
		};
		C1B702FB6E3384DD1776C28E = {
			isa = PBXBuildFile;
			fileRef = EABF18DBEED4362A3B9603C6;
		};
		D88DD26AA7CA4C8C5158B36A = {
			isa = PBXBuildFile;
			fileRef = 38B933902EF64119093802EF;
		};
		D30C3E67709DBE96A1B3FFB6 = {
			isa = PBXBuildFile;
			fileRef = 550C45D188AE47EF84F544FD;
		};
		32443D0B861F0435B1DAA4E1 = {
			isa = PBXBuildFile;
			fileRef = 2E62CEA0B38CA7AD1448A163;
		};
		01B0A94773C0E058FBFE5AB3 = {
			isa = PBXFileReference;
			lastKnownFileType = wrapper.framework;
			name = QuartzCore.framework;
			path = System/Library/Frameworks/QuartzCore.framework;
			sourceTree = SDKROOT;
		};
		01E0B7838A976928BF847052 = {
			isa = PBXFileReference;
			lastKnownFileType = wrapper.framework;
			name = Cocoa.framework;
			path = System/Library/Frameworks/Cocoa.framework;
			sourceTree = SDKROOT;
		};
		0213F8E4A21661C717A849F3 = {
			isa = PBXFileReference;
			lastKnownFileType = sourcecode.cpp.objcpp;
			name = "include_juce_events.mm";
			path = "../../JuceLibraryCode/include_juce_events.mm";
			sourceTree = "SOURCE_ROOT";
		};
		0450E9D615469E9D39B3E044 = {
			isa = PBXFileReference;
			lastKnownFileType = sourcecode.c.h;
			name = Tutorial5.h;
			path = ../../Source/Tutorial5.h;
			sourceTree = "SOURCE_ROOT";
		};
		05DA703710746D2F6D2C3C41 = {
			isa = PBXFileReference;
			lastKnownFileType = wrapper.framework;
			name = OpenGL.framework;
			path = System/Library/Frameworks/OpenGL.framework;
			sourceTree = SDKROOT;
		};
		05DC98A9F53854F00A2BD935 = {
			isa = PBXFileReference;
			lastKnownFileType = sourcecode.c.h;
			name = T14LampVertex.h;
			path = ../../Source/Shader/T14LampVertex.h;
			sourceTree = "SOURCE_ROOT";
		};
		139CD54986567409B87ED944 = {
			isa = PBXFileReference;
			lastKnownFileType = sourcecode.cpp.objcpp;
			name = "include_juce_core.mm";
			path = "../../JuceLibraryCode/include_juce_core.mm";
			sourceTree = "SOURCE_ROOT";
		};
		15C44923405F379F6FBF0CB2 = {
			isa = PBXFileReference;
			lastKnownFileType = sourcecode.c.h;
			name = CompList.h;
			path = ../../Source/CompList.h;
			sourceTree = "SOURCE_ROOT";
		};
		15ED5A0BE70E869B988B9462 = {
			isa = PBXFileReference;
			lastKnownFileType = wrapper.framework;
			name = AudioToolbox.framework;
			path = System/Library/Frameworks/AudioToolbox.framework;
			sourceTree = SDKROOT;
		};
		1E21BF4A5A526E0F34DBAFA4 = {
			isa = PBXFileReference;
			lastKnownFileType = sourcecode.c.h;
			name = ShaderProgram.h;
			path = ../../Source/ShaderProgram.h;
			sourceTree = "SOURCE_ROOT";
		};
		20F81EFD5B1C783258F175FE = {
			isa = PBXFileReference;
			lastKnownFileType = file.nib;
			name = RecentFilesMenuTemplate.nib;
			path = RecentFilesMenuTemplate.nib;
			sourceTree = "SOURCE_ROOT";
		};
		219815B87A36E3497282D51E = {
			isa = PBXFileReference;
			lastKnownFileType = sourcecode.c.h;
			name = Tutorial4.h;
			path = ../../Source/Tutorial4.h;
			sourceTree = "SOURCE_ROOT";
		};
		238A448976E27390497BE5C9 = {
			isa = PBXFileReference;
			lastKnownFileType = sourcecode.c.h;
			name = fragmentT3.h;
			path = ../../Source/Shader/fragmentT3.h;
			sourceTree = "SOURCE_ROOT";
		};
		28142ABDE575919B85545FB6 = {
			isa = PBXFileReference;
			lastKnownFileType = sourcecode.c.h;
			name = SpriteBase.h;
			path = ../../Source/SpriteBase.h;
			sourceTree = "SOURCE_ROOT";
		};
		28544965842600E1BFB1136E = {
			isa = PBXFileReference;
			lastKnownFileType = sourcecode.c.h;
			name = T8LampVertex.h;
			path = ../../Source/Shader/T8LampVertex.h;
			sourceTree = "SOURCE_ROOT";
		};
		290DAEB2D78A9294E69E0295 = {
			isa = PBXFileReference;
			lastKnownFileType = text.plist.xml;
			name = "Info-App.plist";
			path = "Info-App.plist";
			sourceTree = "SOURCE_ROOT";
		};
		293247D8D44FD1FD12913358 = {
			isa = PBXFileReference;
			lastKnownFileType = wrapper.framework;
			name = Carbon.framework;
			path = System/Library/Frameworks/Carbon.framework;
			sourceTree = SDKROOT;
		};
		2A63FCD297B2002E3C37137B = {
			isa = PBXFileReference;
			lastKnownFileType = wrapper.framework;
			name = Accelerate.framework;
			path = System/Library/Frameworks/Accelerate.framework;
			sourceTree = SDKROOT;
		};
		2B4EC547955B1A4B68924A5D = {
			isa = PBXFileReference;
			lastKnownFileType = sourcecode.c.h;
			name = Tutorial11.h;
			path = ../../Source/Tutorial11.h;
			sourceTree = "SOURCE_ROOT";
		};
		2E62CEA0B38CA7AD1448A163 = {
			isa = PBXFileReference;
			lastKnownFileType = sourcecode.cpp.objcpp;
			name = "include_juce_opengl.mm";
			path = "../../JuceLibraryCode/include_juce_opengl.mm";
			sourceTree = "SOURCE_ROOT";
		};
		338D6BA4A89D81F7E7DFE170 = {
			isa = PBXFileReference;
			lastKnownFileType = sourcecode.c.h;
			name = Tutorial12.h;
			path = ../../Source/Tutorial12.h;
			sourceTree = "SOURCE_ROOT";
		};
		33C3D339CB442B2CA6056D0F = {
			isa = PBXFileReference;
			lastKnownFileType = sourcecode.c.h;
			name = Tutorial1.h;
			path = ../../Source/Tutorial1.h;
			sourceTree = "SOURCE_ROOT";
		};
		34C0B8EB4C25135EC7E23250 = {
			isa = PBXFileReference;
			lastKnownFileType = sourcecode.c.h;
			name = Tutorial6.h;
			path = ../../Source/Tutorial6.h;
			sourceTree = "SOURCE_ROOT";
		};
		368A2CBF256E3870DE5D238B = {
			isa = PBXFileReference;
			lastKnownFileType = sourcecode.c.h;
			name = Tutorial9.h;
			path = ../../Source/Tutorial9.h;
			sourceTree = "SOURCE_ROOT";
		};
		38B933902EF64119093802EF = {
			isa = PBXFileReference;
			lastKnownFileType = sourcecode.cpp.objcpp;
			name = "include_juce_gui_basics.mm";
			path = "../../JuceLibraryCode/include_juce_gui_basics.mm";
			sourceTree = "SOURCE_ROOT";
		};
		39156831A4D7DCCB8B45D871 = {
			isa = PBXFileReference;
			lastKnownFileType = sourcecode.c.h;
			name = T12ColorsVertex.h;
			path = ../../Source/Shader/T12ColorsVertex.h;
			sourceTree = "SOURCE_ROOT";
		};
		3AA27D12F0BA3B7C70290C5C = {
			isa = PBXFileReference;
			lastKnownFileType = sourcecode.c.h;
			name = vertexT2.h;
			path = ../../Source/Shader/vertexT2.h;
			sourceTree = "SOURCE_ROOT";
		};
		3B05C41B73C3301DE5643C83 = {
			isa = PBXFileReference;
			lastKnownFileType = sourcecode.c.h;
			name = T10LampFragment.h;
			path = ../../Source/Shader/T10LampFragment.h;
			sourceTree = "SOURCE_ROOT";
		};
		3BDF1D52753E33140B720660 = {
			isa = PBXFileReference;
			lastKnownFileType = sourcecode.c.h;
			name = T9LampVertex.h;
			path = ../../Source/Shader/T9LampVertex.h;
			sourceTree = "SOURCE_ROOT";
		};
		3E3C4B40C0DDEF038F4FFBEF = {
			isa = PBXFileReference;
			lastKnownFileType = sourcecode.c.h;
			name = T12LampVertex.h;
			path = ../../Source/Shader/T12LampVertex.h;
			sourceTree = "SOURCE_ROOT";
		};
		52DDB94DDCA6C2CE5115062A = {
			isa = PBXFileReference;
			lastKnownFileType = sourcecode.c.h;
			name = T11ColorsVertex.h;
			path = ../../Source/Shader/T11ColorsVertex.h;
			sourceTree = "SOURCE_ROOT";
		};
		53CCC3C1E179A464D885395D = {
			isa = PBXFileReference;
			lastKnownFileType = sourcecode.c.h;
			name = Camera.h;
			path = ../../Source/Camera.h;
			sourceTree = "SOURCE_ROOT";
		};
		550C45D188AE47EF84F544FD = {
			isa = PBXFileReference;
			lastKnownFileType = sourcecode.cpp.objcpp;
			name = "include_juce_gui_extra.mm";
			path = "../../JuceLibraryCode/include_juce_gui_extra.mm";
			sourceTree = "SOURCE_ROOT";
		};
		5BE738FD704228F87F29460C = {
			isa = PBXFileReference;
			lastKnownFileType = sourcecode.cpp.cpp;
			name = BinaryData.cpp;
			path = ../../JuceLibraryCode/BinaryData.cpp;
			sourceTree = "SOURCE_ROOT";
		};
		5DB69B3BEC81D060798F14D9 = {
			isa = PBXFileReference;
			lastKnownFileType = sourcecode.c.h;
			name = T14ColorsFragment.h;
			path = ../../Source/Shader/T14ColorsFragment.h;
			sourceTree = "SOURCE_ROOT";
		};
		60DEBF03A448086A9AD720F5 = {
			isa = PBXFileReference;
			lastKnownFileType = sourcecode.c.h;
			name = fragmentT4.h;
			path = ../../Source/Shader/fragmentT4.h;
			sourceTree = "SOURCE_ROOT";
		};
		6102C4B41A5C2560C35FC809 = {
			isa = PBXFileReference;
			lastKnownFileType = sourcecode.cpp.objcpp;
			name = "include_juce_audio_devices.mm";
			path = "../../JuceLibraryCode/include_juce_audio_devices.mm";
			sourceTree = "SOURCE_ROOT";
		};
		615E68BAE105F978847D6DF5 = {
			isa = PBXFileReference;
			lastKnownFileType = sourcecode.c.h;
			name = T12ColorsFragment.h;
			path = ../../Source/Shader/T12ColorsFragment.h;
			sourceTree = "SOURCE_ROOT";
		};
		631D94CAB57D5ABB7AC5E418 = {
			isa = PBXFileReference;
			lastKnownFileType = sourcecode.c.h;
			name = Tutorial7.h;
			path = ../../Source/Tutorial7.h;
			sourceTree = "SOURCE_ROOT";
		};
		6CC35DD479EB051C6EDC69E5 = {
			isa = PBXFileReference;
			explicitFileType = wrapper.application;
			includeInIndex = 0;
			path = openglWithJuce.app;
			sourceTree = "BUILT_PRODUCTS_DIR";
		};
		6CF3B9213A51641476549089 = {
			isa = PBXFileReference;
			lastKnownFileType = sourcecode.c.h;
			name = T11LampFragment.h;
			path = ../../Source/Shader/T11LampFragment.h;
			sourceTree = "SOURCE_ROOT";
		};
		720136A83E4CB87232C3EF52 = {
			isa = PBXFileReference;
			lastKnownFileType = sourcecode.c.h;
			name = Tutorial8.h;
			path = ../../Source/Tutorial8.h;
			sourceTree = "SOURCE_ROOT";
		};
		72381FB64487E1DB72E64BAB = {
			isa = PBXFileReference;
			lastKnownFileType = sourcecode.cpp.cpp;
			name = MainComponent.cpp;
			path = ../../Source/MainComponent.cpp;
			sourceTree = "SOURCE_ROOT";
		};
		7327B51B4A791A8819E28B20 = {
			isa = PBXFileReference;
			lastKnownFileType = sourcecode.c.h;
			name = T13LampVertex.h;
			path = ../../Source/Shader/T13LampVertex.h;
			sourceTree = "SOURCE_ROOT";
		};
		793D3C354C10DB122187B75C = {
			isa = PBXFileReference;
			lastKnownFileType = sourcecode.c.h;
			name = MainComponent.h;
			path = ../../Source/MainComponent.h;
			sourceTree = "SOURCE_ROOT";
		};
		7B8A031CA8C14F89F0AACCEF = {
			isa = PBXFileReference;
			lastKnownFileType = sourcecode.c.h;
			name = AppConfig.h;
			path = ../../JuceLibraryCode/AppConfig.h;
			sourceTree = "SOURCE_ROOT";
		};
		7BA1A6E2032DFBA9D111ED64 = {
			isa = PBXFileReference;
			lastKnownFileType = sourcecode.c.h;
			name = fragmentT1.h;
			path = ../../Source/Shader/fragmentT1.h;
			sourceTree = "SOURCE_ROOT";
		};
		7D2E2AB99BCA2759B88CB7E7 = {
			isa = PBXFileReference;
			lastKnownFileType = sourcecode.c.h;
			name = Tutorial3.h;
			path = ../../Source/Tutorial3.h;
			sourceTree = "SOURCE_ROOT";
		};
		8324FDA763F8EA77A62FE181 = {
			isa = PBXFileReference;
			lastKnownFileType = sourcecode.c.h;
			name = JuceHeader.h;
			path = ../../JuceLibraryCode/JuceHeader.h;
			sourceTree = "SOURCE_ROOT";
		};
		8336ED87CF193C99A8448AEC = {
			isa = PBXFileReference;
			lastKnownFileType = sourcecode.cpp.objcpp;
			name = "include_juce_audio_basics.mm";
			path = "../../JuceLibraryCode/include_juce_audio_basics.mm";
			sourceTree = "SOURCE_ROOT";
		};
		85B29E715AEB1AA8A297AA1E = {
			isa = PBXFileReference;
			lastKnownFileType = file.md;
			name = README.md;
			path = ../../README.md;
			sourceTree = "SOURCE_ROOT";
		};
		86A5C3111A547D41ECEB3F09 = {
			isa = PBXFileReference;
			lastKnownFileType = sourcecode.c.h;
			name = T10LampVertex.h;
			path = ../../Source/Shader/T10LampVertex.h;
			sourceTree = "SOURCE_ROOT";
		};
		8770F75A70CE19D86AA89A54 = {
			isa = PBXFileReference;
			lastKnownFileType = sourcecode.c.h;
			name = Tutorial2.h;
			path = ../../Source/Tutorial2.h;
			sourceTree = "SOURCE_ROOT";
		};
		897494B3711B18C2994D83D9 = {
			isa = PBXFileReference;
			lastKnownFileType = sourcecode.c.h;
			name = "T7LampFragment .h";
			path = "../../Source/Shader/T7LampFragment .h";
			sourceTree = "SOURCE_ROOT";
		};
		8FCD5A74494DFCD48571CB99 = {
			isa = PBXFileReference;
			lastKnownFileType = sourcecode.c.h;
			name = T11LampVertex.h;
			path = ../../Source/Shader/T11LampVertex.h;
			sourceTree = "SOURCE_ROOT";
		};
		90700C0CF3D836C0A3E819D7 = {
			isa = PBXFileReference;
			lastKnownFileType = sourcecode.c.h;
			name = T8ColorsVertex.h;
			path = ../../Source/Shader/T8ColorsVertex.h;
			sourceTree = "SOURCE_ROOT";
		};
		9641F97028E9B7226D214DC7 = {
			isa = PBXFileReference;
			lastKnownFileType = sourcecode.c.h;
			name = Tutorial13.h;
			path = ../../Source/Tutorial13.h;
			sourceTree = "SOURCE_ROOT";
		};
		9643722F5F2D7DBD7B0D4CF6 = {
			isa = PBXFileReference;
			lastKnownFileType = sourcecode.c.h;
			name = T10ColorsVertex.h;
			path = ../../Source/Shader/T10ColorsVertex.h;
			sourceTree = "SOURCE_ROOT";
		};
		9BC252BD7D7D1A4B22D27C52 = {
			isa = PBXFileReference;
			lastKnownFileType = sourcecode.c.h;
			name = fragmentT5.h;
			path = ../../Source/Shader/fragmentT5.h;
			sourceTree = "SOURCE_ROOT";
		};
		9F9EC6B35995C56D076D8332 = {
			isa = PBXFileReference;
			lastKnownFileType = wrapper.framework;
			name = CoreMIDI.framework;
			path = System/Library/Frameworks/CoreMIDI.framework;
			sourceTree = SDKROOT;
		};
		A0FF09333438353B0466E80D = {
			isa = PBXFileReference;
			lastKnownFileType = wrapper.framework;
			name = CoreAudio.framework;
			path = System/Library/Frameworks/CoreAudio.framework;
			sourceTree = SDKROOT;
		};
		A219B18E57DC9E454F0F395F = {
			isa = PBXFileReference;
			lastKnownFileType = sourcecode.c.h;
			name = vertexT3.h;
			path = ../../Source/Shader/vertexT3.h;
			sourceTree = "SOURCE_ROOT";
		};
		A65020481B2650E5D2EBB5C5 = {
			isa = PBXFileReference;
			lastKnownFileType = sourcecode.cpp.cpp;
			name = ValueTreeView.cpp;
			path = ../../Source/ValueTreeView.cpp;
			sourceTree = "SOURCE_ROOT";
		};
		ADCBED73B98CF1E948EB9427 = {
			isa = PBXFileReference;
			lastKnownFileType = sourcecode.c.h;
			name = T7ColorsFragment.h;
			path = ../../Source/Shader/T7ColorsFragment.h;
			sourceTree = "SOURCE_ROOT";
		};
		AF8B236083ECD6F1ED9B9550 = {
			isa = PBXFileReference;
			lastKnownFileType = sourcecode.c.h;
			name = T14ColorsVertex.h;
			path = ../../Source/Shader/T14ColorsVertex.h;
			sourceTree = "SOURCE_ROOT";
		};
		B1A2E91AF0FD9E9FAC20F279 = {
			isa = PBXFileReference;
			lastKnownFileType = sourcecode.c.h;
			name = Tutorial10.h;
			path = ../../Source/Tutorial10.h;
			sourceTree = "SOURCE_ROOT";
		};
		B47043A126E2558FA45210A6 = {
			isa = PBXFileReference;
			lastKnownFileType = sourcecode.c.h;
			name = T13ColorsFragment.h;
			path = ../../Source/Shader/T13ColorsFragment.h;
			sourceTree = "SOURCE_ROOT";
		};
		B608D26206EC7931DCE611F3 = {
			isa = PBXFileReference;
			lastKnownFileType = sourcecode.c.h;
			name = Tutorial14.h;
			path = ../../Source/Tutorial14.h;
			sourceTree = "SOURCE_ROOT";
		};
		BFFB4944A42C1C6DD2B3C3FD = {
			isa = PBXFileReference;
			lastKnownFileType = sourcecode.c.h;
			name = fragmentT6.h;
			path = ../../Source/Shader/fragmentT6.h;
			sourceTree = "SOURCE_ROOT";
		};
		C04F460F9CEBE1503A11699A = {
			isa = PBXFileReference;
			lastKnownFileType = sourcecode.c.h;
			name = T9ColorsFragment.h;
			path = ../../Source/Shader/T9ColorsFragment.h;
			sourceTree = "SOURCE_ROOT";
		};
		C0CB4A22C6F5E42E468CA76E = {
			isa = PBXFileReference;
			lastKnownFileType = sourcecode.c.h;
			name = vertexT1.h;
			path = ../../Source/Shader/vertexT1.h;
			sourceTree = "SOURCE_ROOT";
		};
		CA5B2386E6B6591E414251DF = {
			isa = PBXFileReference;
			lastKnownFileType = sourcecode.cpp.objcpp;
			name = "include_juce_audio_processors.mm";
			path = "../../JuceLibraryCode/include_juce_audio_processors.mm";
			sourceTree = "SOURCE_ROOT";
		};
		CB904987A7E88E67BA50EAB4 = {
			isa = PBXFileReference;
			lastKnownFileType = sourcecode.c.h;
			name = T8LampFragment.h;
			path = ../../Source/Shader/T8LampFragment.h;
			sourceTree = "SOURCE_ROOT";
		};
		CBE272D00522BD1CBB781987 = {
			isa = PBXFileReference;
			lastKnownFileType = sourcecode.cpp.cpp;
			name = Main.cpp;
			path = ../../Source/Main.cpp;
			sourceTree = "SOURCE_ROOT";
		};
		CC450442567FDABAB56138EB = {
			isa = PBXFileReference;
			lastKnownFileType = sourcecode.c.h;
			name = TextureCache.h;
			path = ../../Source/TextureCache.h;
			sourceTree = "SOURCE_ROOT";
		};
		CCEFCC4C063F8D5B28BF35CD = {
			isa = PBXFileReference;
			lastKnownFileType = sourcecode.c.h;
			name = BinaryData.h;
			path = ../../JuceLibraryCode/BinaryData.h;
			sourceTree = "SOURCE_ROOT";
		};
		CD8C16C6DAA4E1E27EDE03B6 = {
			isa = PBXFileReference;
			lastKnownFileType = sourcecode.c.h;
			name = vertexT5.h;
			path = ../../Source/Shader/vertexT5.h;
			sourceTree = "SOURCE_ROOT";
		};
		CE0751035D8D45A8374DA14A = {
			isa = PBXFileReference;
			lastKnownFileType = sourcecode.c.h;
			name = T12LampFragment.h;
			path = ../../Source/Shader/T12LampFragment.h;
			sourceTree = "SOURCE_ROOT";
		};
		CF575781BE5086F5562C8FE3 = {
			isa = PBXFileReference;
			lastKnownFileType = sourcecode.c.h;
			name = T7ColorsVertex.h;
			path = ../../Source/Shader/T7ColorsVertex.h;
			sourceTree = "SOURCE_ROOT";
		};
		D09964DFC32191D6307F0537 = {
			isa = PBXFileReference;
			lastKnownFileType = sourcecode.c.h;
			name = vertexT6.h;
			path = ../../Source/Shader/vertexT6.h;
			sourceTree = "SOURCE_ROOT";
		};
		D1CD9BB8E01E7A8EB385E30C = {
			isa = PBXFileReference;
			lastKnownFileType = sourcecode.cpp.objcpp;
			name = "include_juce_cryptography.mm";
			path = "../../JuceLibraryCode/include_juce_cryptography.mm";
			sourceTree = "SOURCE_ROOT";
		};
		D3DF08A2783019138A88FF9E = {
			isa = PBXFileReference;
			lastKnownFileType = sourcecode.c.h;
			name = T13ColorsVertex.h;
			path = ../../Source/Shader/T13ColorsVertex.h;
			sourceTree = "SOURCE_ROOT";
		};
		D56C4E0EF8C8DB75B6747BEF = {
			isa = PBXFileReference;
			lastKnownFileType = sourcecode.c.h;
			name = fragmentT2.h;
			path = ../../Source/Shader/fragmentT2.h;
			sourceTree = "SOURCE_ROOT";
		};
		D6BE726DEC2AD026AF3772C0 = {
			isa = PBXFileReference;
			lastKnownFileType = sourcecode.c.h;
			name = vertexT4.h;
			path = ../../Source/Shader/vertexT4.h;
			sourceTree = "SOURCE_ROOT";
		};
		E6CDD6A9BE6B981895A8052A = {
			isa = PBXFileReference;
			lastKnownFileType = sourcecode.c.h;
			name = T9ColorsVertex.h;
			path = ../../Source/Shader/T9ColorsVertex.h;
			sourceTree = "SOURCE_ROOT";
		};
		E8A2366C9937BBB905DF4B6F = {
			isa = PBXFileReference;
			lastKnownFileType = sourcecode.c.h;
			name = T8ColorsFragment.h;
			path = ../../Source/Shader/T8ColorsFragment.h;
			sourceTree = "SOURCE_ROOT";
		};
		E913D5B8FD8BEC5510FEBD63 = {
			isa = PBXFileReference;
			lastKnownFileType = sourcecode.c.h;
			name = T10ColorsFragment.h;
			path = ../../Source/Shader/T10ColorsFragment.h;
			sourceTree = "SOURCE_ROOT";
		};
		EABF18DBEED4362A3B9603C6 = {
			isa = PBXFileReference;
			lastKnownFileType = sourcecode.cpp.objcpp;
			name = "include_juce_graphics.mm";
			path = "../../JuceLibraryCode/include_juce_graphics.mm";
			sourceTree = "SOURCE_ROOT";
		};
		EC5F50EE357C66451E657C5F = {
			isa = PBXFileReference;
			lastKnownFileType = wrapper.framework;
			name = WebKit.framework;
			path = System/Library/Frameworks/WebKit.framework;
			sourceTree = SDKROOT;
		};
		EEF7A01BE85FB311D5405182 = {
			isa = PBXFileReference;
			lastKnownFileType = wrapper.framework;
			name = IOKit.framework;
			path = System/Library/Frameworks/IOKit.framework;
			sourceTree = SDKROOT;
		};
		EF8444193648125CD55E2701 = {
			isa = PBXFileReference;
			lastKnownFileType = sourcecode.c.h;
			name = T13LampFragment.h;
			path = ../../Source/Shader/T13LampFragment.h;
			sourceTree = "SOURCE_ROOT";
		};
		F243473E0DF7C835AA133E3B = {
			isa = PBXFileReference;
			lastKnownFileType = sourcecode.c.h;
			name = T11ColorsFragment.h;
			path = ../../Source/Shader/T11ColorsFragment.h;
			sourceTree = "SOURCE_ROOT";
		};
		F3497E75DC0C96FD2D5803B9 = {
			isa = PBXFileReference;
			lastKnownFileType = sourcecode.c.h;
			name = T14LampFragment.h;
			path = ../../Source/Shader/T14LampFragment.h;
			sourceTree = "SOURCE_ROOT";
		};
		F35CC20EF5D5564607F33B82 = {
			isa = PBXFileReference;
			lastKnownFileType = sourcecode.cpp.objcpp;
			name = "include_juce_data_structures.mm";
			path = "../../JuceLibraryCode/include_juce_data_structures.mm";
			sourceTree = "SOURCE_ROOT";
		};
		F39084825F1348048A415D7E = {
			isa = PBXFileReference;
			lastKnownFileType = sourcecode.cpp.objcpp;
			name = "include_juce_audio_formats.mm";
			path = "../../JuceLibraryCode/include_juce_audio_formats.mm";
			sourceTree = "SOURCE_ROOT";
		};
		F56C1F25AAEDDE62671C4D31 = {
			isa = PBXFileReference;
			lastKnownFileType = sourcecode.c.h;
			name = ValueTreeView.h;
			path = ../../Source/ValueTreeView.h;
			sourceTree = "SOURCE_ROOT";
		};
		F9EB1B0D2C713E888586084C = {
			isa = PBXFileReference;
			lastKnownFileType = sourcecode.c.h;
			name = T9LampFragment.h;
			path = ../../Source/Shader/T9LampFragment.h;
			sourceTree = "SOURCE_ROOT";
		};
		FF073883E4CD7C3630E70EE4 = {
			isa = PBXFileReference;
			lastKnownFileType = sourcecode.c.h;
			name = T7LampVertex.h;
			path = ../../Source/Shader/T7LampVertex.h;
			sourceTree = "SOURCE_ROOT";
		};
		E1F223ABCF9434376C9C5904 = {
			isa = PBXGroup;
			children = (
				A65020481B2650E5D2EBB5C5,
				F56C1F25AAEDDE62671C4D31,
			);
			name = Utility;
			sourceTree = "<group>";
		};
		35CF69214B759D83E3A0C7B0 = {
			isa = PBXGroup;
			children = (
				7BA1A6E2032DFBA9D111ED64,
				D56C4E0EF8C8DB75B6747BEF,
				238A448976E27390497BE5C9,
				60DEBF03A448086A9AD720F5,
				9BC252BD7D7D1A4B22D27C52,
				BFFB4944A42C1C6DD2B3C3FD,
				ADCBED73B98CF1E948EB9427,
				CF575781BE5086F5562C8FE3,
				897494B3711B18C2994D83D9,
				FF073883E4CD7C3630E70EE4,
				E8A2366C9937BBB905DF4B6F,
				90700C0CF3D836C0A3E819D7,
				CB904987A7E88E67BA50EAB4,
				28544965842600E1BFB1136E,
				C04F460F9CEBE1503A11699A,
				E6CDD6A9BE6B981895A8052A,
				F9EB1B0D2C713E888586084C,
				3BDF1D52753E33140B720660,
				E913D5B8FD8BEC5510FEBD63,
				9643722F5F2D7DBD7B0D4CF6,
				3B05C41B73C3301DE5643C83,
				86A5C3111A547D41ECEB3F09,
				F243473E0DF7C835AA133E3B,
				52DDB94DDCA6C2CE5115062A,
				6CF3B9213A51641476549089,
				8FCD5A74494DFCD48571CB99,
				615E68BAE105F978847D6DF5,
				39156831A4D7DCCB8B45D871,
				CE0751035D8D45A8374DA14A,
				3E3C4B40C0DDEF038F4FFBEF,
				B47043A126E2558FA45210A6,
				D3DF08A2783019138A88FF9E,
				EF8444193648125CD55E2701,
				7327B51B4A791A8819E28B20,
				5DB69B3BEC81D060798F14D9,
				AF8B236083ECD6F1ED9B9550,
				F3497E75DC0C96FD2D5803B9,
				05DC98A9F53854F00A2BD935,
				C0CB4A22C6F5E42E468CA76E,
				3AA27D12F0BA3B7C70290C5C,
				A219B18E57DC9E454F0F395F,
				D6BE726DEC2AD026AF3772C0,
				CD8C16C6DAA4E1E27EDE03B6,
				D09964DFC32191D6307F0537,
			);
			name = Shader;
			sourceTree = "<group>";
		};
		79390D4DEAC6512B514A024D = {
			isa = PBXGroup;
			children = (
				53CCC3C1E179A464D885395D,
				1E21BF4A5A526E0F34DBAFA4,
				28142ABDE575919B85545FB6,
				CC450442567FDABAB56138EB,
			);
			name = Engine;
			sourceTree = "<group>";
		};
		FE6B1701DEF39C38B902EACA = {
			isa = PBXGroup;
			children = (
				33C3D339CB442B2CA6056D0F,
				8770F75A70CE19D86AA89A54,
				7D2E2AB99BCA2759B88CB7E7,
				219815B87A36E3497282D51E,
				0450E9D615469E9D39B3E044,
				34C0B8EB4C25135EC7E23250,
				631D94CAB57D5ABB7AC5E418,
				720136A83E4CB87232C3EF52,
				368A2CBF256E3870DE5D238B,
				B1A2E91AF0FD9E9FAC20F279,
				2B4EC547955B1A4B68924A5D,
				338D6BA4A89D81F7E7DFE170,
				9641F97028E9B7226D214DC7,
				B608D26206EC7931DCE611F3,
			);
			name = Tutorial;
			sourceTree = "<group>";
		};
		33E3668D0FC72EDA25DB352F = {
			isa = PBXGroup;
			children = (
				15C44923405F379F6FBF0CB2,
				793D3C354C10DB122187B75C,
				72381FB64487E1DB72E64BAB,
				CBE272D00522BD1CBB781987,
			);
			name = Source;
			sourceTree = "<group>";
		};
		53203316B70E4AE49079A836 = {
			isa = PBXGroup;
			children = (
				E1F223ABCF9434376C9C5904,
				85B29E715AEB1AA8A297AA1E,
				35CF69214B759D83E3A0C7B0,
				79390D4DEAC6512B514A024D,
				FE6B1701DEF39C38B902EACA,
				33E3668D0FC72EDA25DB352F,
			);
			name = openglWithJuce;
			sourceTree = "<group>";
		};
		3EB49B238409BFD8A17CCC14 = {
			isa = PBXGroup;
			children = (
				7B8A031CA8C14F89F0AACCEF,
				5BE738FD704228F87F29460C,
				CCEFCC4C063F8D5B28BF35CD,
				8336ED87CF193C99A8448AEC,
				6102C4B41A5C2560C35FC809,
				F39084825F1348048A415D7E,
				CA5B2386E6B6591E414251DF,
				139CD54986567409B87ED944,
				D1CD9BB8E01E7A8EB385E30C,
				F35CC20EF5D5564607F33B82,
				0213F8E4A21661C717A849F3,
				EABF18DBEED4362A3B9603C6,
				38B933902EF64119093802EF,
				550C45D188AE47EF84F544FD,
				2E62CEA0B38CA7AD1448A163,
				8324FDA763F8EA77A62FE181,
			);
			name = "JUCE Library Code";
			sourceTree = "<group>";
		};
		741C7E083C8FC8A0FA559D0D = {
			isa = PBXGroup;
			children = (
				290DAEB2D78A9294E69E0295,
				20F81EFD5B1C783258F175FE,
			);
			name = Resources;
			sourceTree = "<group>";
		};
		4228ED707C69CD48CB32D789 = {
			isa = PBXGroup;
			children = (
				2A63FCD297B2002E3C37137B,
				15ED5A0BE70E869B988B9462,
				293247D8D44FD1FD12913358,
				01E0B7838A976928BF847052,
				A0FF09333438353B0466E80D,
				9F9EC6B35995C56D076D8332,
				EEF7A01BE85FB311D5405182,
				05DA703710746D2F6D2C3C41,
				01B0A94773C0E058FBFE5AB3,
				EC5F50EE357C66451E657C5F,
			);
			name = Frameworks;
			sourceTree = "<group>";
		};
		C4E8EC63E98F78AD85050882 = {
			isa = PBXGroup;
			children = (
				6CC35DD479EB051C6EDC69E5,
			);
			name = Products;
			sourceTree = "<group>";
		};
		EB1712DF8B17B1BC27807EFB = {
			isa = PBXGroup;
			children = (
				53203316B70E4AE49079A836,
				3EB49B238409BFD8A17CCC14,
				741C7E083C8FC8A0FA559D0D,
				4228ED707C69CD48CB32D789,
				C4E8EC63E98F78AD85050882,
			);
			name = Source;
			sourceTree = "<group>";
		};
		50848820024C30FC74E97358 = {
			isa = XCBuildConfiguration;
			buildSettings = {
				CLANG_CXX_LANGUAGE_STANDARD = "c++14";
				CLANG_CXX_LIBRARY = "libc++";
				CLANG_LINK_OBJC_RUNTIME = NO;
				COMBINE_HIDPI_IMAGES = YES;
				CONFIGURATION_BUILD_DIR = "$(PROJECT_DIR)/build/$(CONFIGURATION)";
				COPY_PHASE_STRIP = NO;
				GCC_DYNAMIC_NO_PIC = NO;
				GCC_OPTIMIZATION_LEVEL = 0;
				GCC_PREPROCESSOR_DEFINITIONS = (
					"_DEBUG=1",
					"DEBUG=1",
					"JUCE_OPENGL3",
					"JUCER_XCODE_MAC_F6D2F4CF=1",
					"JUCE_APP_VERSION=1.0.0",
					"JUCE_APP_VERSION_HEX=0x10000",
					"JucePlugin_Build_VST=0",
					"JucePlugin_Build_VST3=0",
					"JucePlugin_Build_AU=0",
					"JucePlugin_Build_AUv3=0",
					"JucePlugin_Build_RTAS=0",
					"JucePlugin_Build_AAX=0",
					"JucePlugin_Build_Standalone=0",
					"JucePlugin_Build_Unity=0",
				);
				GCC_VERSION = com.apple.compilers.llvm.clang.1_0;
				HEADER_SEARCH_PATHS = (
					"../../JuceLibraryCode",
					"../../JuceLibraryCode/modules",
					"./../../source",
					"./../../ThirdParty/assimp/include",
					"$(inherited)",
				);
				INFOPLIST_FILE = Info-App.plist;
				INFOPLIST_PREPROCESS = NO;
				INSTALL_PATH = "$(HOME)/Applications";
				MACOSX_DEPLOYMENT_TARGET = 10.11;
				PRODUCT_BUNDLE_IDENTIFIER = com.yourcompany.openglWithJuce;
				PRODUCT_NAME = "openglWithJuce";
				USE_HEADERMAP = NO;
			};
			name = Debug;
		};
		AEFC93A2BD9E3F7C2213D840 = {
			isa = XCBuildConfiguration;
			buildSettings = {
				CLANG_CXX_LANGUAGE_STANDARD = "c++14";
				CLANG_CXX_LIBRARY = "libc++";
				CLANG_LINK_OBJC_RUNTIME = NO;
				COMBINE_HIDPI_IMAGES = YES;
				CONFIGURATION_BUILD_DIR = "$(PROJECT_DIR)/build/$(CONFIGURATION)";
				DEAD_CODE_STRIPPING = YES;
				GCC_GENERATE_DEBUGGING_SYMBOLS = NO;
				GCC_OPTIMIZATION_LEVEL = 3;
				GCC_PREPROCESSOR_DEFINITIONS = (
					"_NDEBUG=1",
					"NDEBUG=1",
					"JUCE_OPENGL3",
					"JUCER_XCODE_MAC_F6D2F4CF=1",
					"JUCE_APP_VERSION=1.0.0",
					"JUCE_APP_VERSION_HEX=0x10000",
					"JucePlugin_Build_VST=0",
					"JucePlugin_Build_VST3=0",
					"JucePlugin_Build_AU=0",
					"JucePlugin_Build_AUv3=0",
					"JucePlugin_Build_RTAS=0",
					"JucePlugin_Build_AAX=0",
					"JucePlugin_Build_Standalone=0",
					"JucePlugin_Build_Unity=0",
				);
				GCC_SYMBOLS_PRIVATE_EXTERN = YES;
				GCC_VERSION = com.apple.compilers.llvm.clang.1_0;
				HEADER_SEARCH_PATHS = (
					"../../JuceLibraryCode",
					"../../JuceLibraryCode/modules",
					"./../../source",
					"./../../ThirdParty/assimp/include",
					"$(inherited)",
				);
				INFOPLIST_FILE = Info-App.plist;
				INFOPLIST_PREPROCESS = NO;
				INSTALL_PATH = "$(HOME)/Applications";
				LLVM_LTO = YES;
				MACOSX_DEPLOYMENT_TARGET = 10.11;
				PRODUCT_BUNDLE_IDENTIFIER = com.yourcompany.openglWithJuce;
				PRODUCT_NAME = "openglWithJuce";
				USE_HEADERMAP = NO;
			};
			name = Release;
		};
		08EE9DBA6E6B37F5AB4920B8 = {
			isa = XCBuildConfiguration;
			buildSettings = {
				ALWAYS_SEARCH_USER_PATHS = NO;
				CLANG_ENABLE_OBJC_WEAK = YES;
				CLANG_WARN_BLOCK_CAPTURE_AUTORELEASING = YES;
				CLANG_WARN_BOOL_CONVERSION = YES;
				CLANG_WARN_COMMA = YES;
				CLANG_WARN_CONSTANT_CONVERSION = YES;
				CLANG_WARN_DEPRECATED_OBJC_IMPLEMENTATIONS = YES;
				CLANG_WARN_EMPTY_BODY = YES;
				CLANG_WARN_ENUM_CONVERSION = YES;
				CLANG_WARN_INFINITE_RECURSION = YES;
				CLANG_WARN_INT_CONVERSION = YES;
				CLANG_WARN_NON_LITERAL_NULL_CONVERSION = YES;
				CLANG_WARN_OBJC_IMPLICIT_RETAIN_SELF = YES;
				CLANG_WARN_OBJC_LITERAL_CONVERSION = YES;
				CLANG_WARN_RANGE_LOOP_ANALYSIS = YES;
				CLANG_WARN_STRICT_PROTOTYPES = YES;
				CLANG_WARN_SUSPICIOUS_MOVE = YES;
				CLANG_WARN_UNREACHABLE_CODE = YES;
				CLANG_WARN__DUPLICATE_METHOD_MATCH = YES;
				DEBUG_INFORMATION_FORMAT = dwarf;
				ENABLE_STRICT_OBJC_MSGSEND = YES;
				ENABLE_TESTABILITY = YES;
				GCC_C_LANGUAGE_STANDARD = c11;
				GCC_INLINES_ARE_PRIVATE_EXTERN = YES;
				GCC_MODEL_TUNING = G5;
				GCC_NO_COMMON_BLOCKS = YES;
				GCC_WARN_64_TO_32_BIT_CONVERSION = YES;
				GCC_WARN_ABOUT_RETURN_TYPE = YES;
				GCC_WARN_CHECK_SWITCH_STATEMENTS = YES;
				GCC_WARN_MISSING_PARENTHESES = YES;
				GCC_WARN_NON_VIRTUAL_DESTRUCTOR = YES;
				GCC_WARN_TYPECHECK_CALLS_TO_PRINTF = YES;
				GCC_WARN_UNDECLARED_SELECTOR = YES;
				GCC_WARN_UNINITIALIZED_AUTOS = YES;
				GCC_WARN_UNUSED_FUNCTION = YES;
				GCC_WARN_UNUSED_VARIABLE = YES;
				ONLY_ACTIVE_ARCH = YES;
				PRODUCT_NAME = "openglWithJuce";
				WARNING_CFLAGS = "-Wreorder";
				ZERO_LINK = NO;
			};
			name = Debug;
		};
		B064E71C71F4DE3DF4A86F5F = {
			isa = XCBuildConfiguration;
			buildSettings = {
				ALWAYS_SEARCH_USER_PATHS = NO;
				CLANG_ENABLE_OBJC_WEAK = YES;
				CLANG_WARN_BLOCK_CAPTURE_AUTORELEASING = YES;
				CLANG_WARN_BOOL_CONVERSION = YES;
				CLANG_WARN_COMMA = YES;
				CLANG_WARN_CONSTANT_CONVERSION = YES;
				CLANG_WARN_DEPRECATED_OBJC_IMPLEMENTATIONS = YES;
				CLANG_WARN_EMPTY_BODY = YES;
				CLANG_WARN_ENUM_CONVERSION = YES;
				CLANG_WARN_INFINITE_RECURSION = YES;
				CLANG_WARN_INT_CONVERSION = YES;
				CLANG_WARN_NON_LITERAL_NULL_CONVERSION = YES;
				CLANG_WARN_OBJC_IMPLICIT_RETAIN_SELF = YES;
				CLANG_WARN_OBJC_LITERAL_CONVERSION = YES;
				CLANG_WARN_RANGE_LOOP_ANALYSIS = YES;
				CLANG_WARN_STRICT_PROTOTYPES = YES;
				CLANG_WARN_SUSPICIOUS_MOVE = YES;
				CLANG_WARN_UNREACHABLE_CODE = YES;
				CLANG_WARN__DUPLICATE_METHOD_MATCH = YES;
				DEBUG_INFORMATION_FORMAT = dwarf;
				ENABLE_STRICT_OBJC_MSGSEND = YES;
				GCC_C_LANGUAGE_STANDARD = c11;
				GCC_INLINES_ARE_PRIVATE_EXTERN = YES;
				GCC_MODEL_TUNING = G5;
				GCC_NO_COMMON_BLOCKS = YES;
				GCC_WARN_64_TO_32_BIT_CONVERSION = YES;
				GCC_WARN_ABOUT_RETURN_TYPE = YES;
				GCC_WARN_CHECK_SWITCH_STATEMENTS = YES;
				GCC_WARN_MISSING_PARENTHESES = YES;
				GCC_WARN_NON_VIRTUAL_DESTRUCTOR = YES;
				GCC_WARN_TYPECHECK_CALLS_TO_PRINTF = YES;
				GCC_WARN_UNDECLARED_SELECTOR = YES;
				GCC_WARN_UNINITIALIZED_AUTOS = YES;
				GCC_WARN_UNUSED_FUNCTION = YES;
				GCC_WARN_UNUSED_VARIABLE = YES;
				PRODUCT_NAME = "openglWithJuce";
				WARNING_CFLAGS = "-Wreorder";
				ZERO_LINK = NO;
			};
			name = Release;
		};
		41CACCC9A27698EAB8B49A26 = {
			isa = PBXTargetDependency;
			target = DEFA713DDF7E8B60DEAB2AA0;
		};
		6DD3AFEE5FC59B3298BF74E2 = {
			isa = XCConfigurationList;
			buildConfigurations = (
				08EE9DBA6E6B37F5AB4920B8,
				B064E71C71F4DE3DF4A86F5F,
			);
			defaultConfigurationIsVisible = 0;
			defaultConfigurationName = Debug;
		};
		DFE601328AC081F8D550D6AB = {
			isa = XCConfigurationList;
			buildConfigurations = (
				50848820024C30FC74E97358,
				AEFC93A2BD9E3F7C2213D840,
			);
			defaultConfigurationIsVisible = 0;
			defaultConfigurationName = Debug;
		};
		105F9E1A03A5CE1FDC355D41 = {
			isa = PBXResourcesBuildPhase;
			buildActionMask = 2147483647;
			files = (
				C6D6D0E2DAD7D49B35A8F20E,
			);
			runOnlyForDeploymentPostprocessing = 0;
		};
		1DC3F2F9F0944A1A5D91BCA4 = {
			isa = PBXSourcesBuildPhase;
			buildActionMask = 2147483647;
			files = (
				37D54CDC52CBEAD46E63D710,
				AA20A161FE19C670486E9653,
				7BC5C96888E0320D23CA9F5A,
				D473426BFE34164F2B044D35,
				5EBDC89CCC422FBA06BADF81,
				C3CAFD70A64E16076BF8DBF0,
				4C70CB579831EF403E5BAC24,
				B8EA04916E013C15ED17A1E8,
				8BFA8EC30D886191E64A0A77,
				989B62A85BD5615B63C97C17,
				78D8BFF5DB49A83B507405D4,
				BAAE5D9538C48FAB035C811A,
				C1B702FB6E3384DD1776C28E,
				D88DD26AA7CA4C8C5158B36A,
				D30C3E67709DBE96A1B3FFB6,
				32443D0B861F0435B1DAA4E1,
			);
			runOnlyForDeploymentPostprocessing = 0;
		};
		542EE16A032B6CA2001D8E5F = {
			isa = PBXFrameworksBuildPhase;
			buildActionMask = 2147483647;
			files = (
				4906494B2C097105A34D78BF,
				4E1DE640B577F07414C18B05,
				7C49C135AB781C35F365807E,
				6848A20762C9A17E3810D091,
				BDC5111325F3E7BA2D30A4B5,
				204D5D8BB81742FAEE44DB44,
				0194110512DBF2B8EC895620,
				1263F8D13B32903CC8248AF2,
				3EAF79A895694D72FBF37556,
				FC67782831503831B44F78AF,
			);
			runOnlyForDeploymentPostprocessing = 0;
		};
		DEFA713DDF7E8B60DEAB2AA0 = {
			isa = PBXNativeTarget;
			buildConfigurationList = DFE601328AC081F8D550D6AB;
			buildPhases = (
				105F9E1A03A5CE1FDC355D41,
				1DC3F2F9F0944A1A5D91BCA4,
				542EE16A032B6CA2001D8E5F,
			);
			buildRules = ( );
			dependencies = ( );
			name = "openglWithJuce - App";
			productName = openglWithJuce;
			productReference = 6CC35DD479EB051C6EDC69E5;
			productType = "com.apple.product-type.application";
		};
		7ED55033BB477BE7F0E29C0F = {
			isa = PBXProject;
			buildConfigurationList = 6DD3AFEE5FC59B3298BF74E2;
			attributes = { LastUpgradeCheck = 1010; ORGANIZATIONNAME = ""; TargetAttributes = { DEFA713DDF7E8B60DEAB2AA0 = { SystemCapabilities = {com.apple.ApplicationGroups.iOS = { enabled = 0; }; com.apple.InAppPurchase = { enabled = 0; }; com.apple.InterAppAudio = { enabled = 0; }; com.apple.Push = { enabled = 0; }; com.apple.Sandbox = { enabled = 0; }; com.apple.HardenedRuntime = { enabled = 0; }; }; }; }; };
			compatibilityVersion = "Xcode 3.2";
			hasScannedForEncodings = 0;
			mainGroup = EB1712DF8B17B1BC27807EFB;
			projectDirPath = "";
			projectRoot = "";
			targets = (DEFA713DDF7E8B60DEAB2AA0);
			knownRegions = (en, Base);
		};
	};
	rootObject = 7ED55033BB477BE7F0E29C0F;
}
