<?xml version="1.0" encoding="UTF-8"?>

<Project ToolsVersion="14.0" xmlns="http://schemas.microsoft.com/developer/msbuild/2003">
  <ItemGroup>
    <Filter Include="openglWithJuce\Engine">
      <UniqueIdentifier>{661CF54D-A66D-B033-A642-4A66CFBF6585}</UniqueIdentifier>
    </Filter>
    <Filter Include="openglWithJuce\Tutorial">
      <UniqueIdentifier>{789BC0D0-410A-05AA-5E24-A58A2BF46BE5}</UniqueIdentifier>
    </Filter>
    <Filter Include="openglWithJuce\Source">
      <UniqueIdentifier>{B6F1A4AA-A71C-894A-CFCE-D13898F6A18F}</UniqueIdentifier>
    </Filter>
    <Filter Include="openglWithJuce">
      <UniqueIdentifier>{ABAFD438-6234-06EF-E85C-414A30FB56C3}</UniqueIdentifier>
    </Filter>
    <Filter Include="JUCE Library Code">
      <UniqueIdentifier>{7ED5A90E-41AF-A1EF-659B-37CEEAB9BA61}</UniqueIdentifier>
    </Filter>
  </ItemGroup>
  <ItemGroup>
    <ClCompile Include="..\..\Source\Camera2D.cpp">
      <Filter>openglWithJuce\Engine</Filter>
    </ClCompile>
    <ClCompile Include="..\..\Source\MainComponent.cpp">
      <Filter>openglWithJuce\Source</Filter>
    </ClCompile>
    <ClCompile Include="..\..\Source\Main.cpp">
      <Filter>openglWithJuce\Source</Filter>
    </ClCompile>
    <ClCompile Include="..\..\JuceLibraryCode\include_juce_audio_basics.cpp">
      <Filter>JUCE Library Code</Filter>
    </ClCompile>
    <ClCompile Include="..\..\JuceLibraryCode\include_juce_audio_devices.cpp">
      <Filter>JUCE Library Code</Filter>
    </ClCompile>
    <ClCompile Include="..\..\JuceLibraryCode\include_juce_audio_formats.cpp">
      <Filter>JUCE Library Code</Filter>
    </ClCompile>
    <ClCompile Include="..\..\JuceLibraryCode\include_juce_audio_processors.cpp">
      <Filter>JUCE Library Code</Filter>
    </ClCompile>
    <ClCompile Include="..\..\JuceLibraryCode\include_juce_core.cpp">
      <Filter>JUCE Library Code</Filter>
    </ClCompile>
    <ClCompile Include="..\..\JuceLibraryCode\include_juce_cryptography.cpp">
      <Filter>JUCE Library Code</Filter>
    </ClCompile>
    <ClCompile Include="..\..\JuceLibraryCode\include_juce_data_structures.cpp">
      <Filter>JUCE Library Code</Filter>
    </ClCompile>
    <ClCompile Include="..\..\JuceLibraryCode\include_juce_events.cpp">
      <Filter>JUCE Library Code</Filter>
    </ClCompile>
    <ClCompile Include="..\..\JuceLibraryCode\include_juce_graphics.cpp">
      <Filter>JUCE Library Code</Filter>
    </ClCompile>
    <ClCompile Include="..\..\JuceLibraryCode\include_juce_gui_basics.cpp">
      <Filter>JUCE Library Code</Filter>
    </ClCompile>
    <ClCompile Include="..\..\JuceLibraryCode\include_juce_gui_extra.cpp">
      <Filter>JUCE Library Code</Filter>
    </ClCompile>
    <ClCompile Include="..\..\JuceLibraryCode\include_juce_opengl.cpp">
      <Filter>JUCE Library Code</Filter>
    </ClCompile>
  </ItemGroup>
  <ItemGroup>
    <ClInclude Include="..\..\Source\Camera2D.h">
      <Filter>openglWithJuce\Engine</Filter>
    </ClInclude>
    <ClInclude Include="..\..\Source\ShaderProgram.h">
      <Filter>openglWithJuce\Engine</Filter>
    </ClInclude>
    <ClInclude Include="..\..\Source\Tutorial1.h">
      <Filter>openglWithJuce\Tutorial</Filter>
    </ClInclude>
    <ClInclude Include="..\..\Source\Tutorial2.h">
      <Filter>openglWithJuce\Tutorial</Filter>
    </ClInclude>
    <ClInclude Include="..\..\Source\CompList.h">
      <Filter>openglWithJuce\Source</Filter>
    </ClInclude>
    <ClInclude Include="..\..\Source\MainComponent.h">
      <Filter>openglWithJuce\Source</Filter>
    </ClInclude>
    <ClInclude Include="..\..\JuceLibraryCode\AppConfig.h">
      <Filter>JUCE Library Code</Filter>
    </ClInclude>
    <ClInclude Include="..\..\JuceLibraryCode\JuceHeader.h">
      <Filter>JUCE Library Code</Filter>
    </ClInclude>
  </ItemGroup>
  <ItemGroup>
    <ResourceCompile Include=".\resources.rc">
      <Filter>JUCE Library Code</Filter>
    </ResourceCompile>
  </ItemGroup>
</Project>
